
Microsoft Visual Studio Solution File, Format Version 12.00
# Visual Studio Version 16
VisualStudioVersion = 16.0.30011.22
MinimumVisualStudioVersion = 10.0.40219.1
Project("{FAE04EC0-301F-11D3-BF4B-00C04F79EFBC}") = "BlobApp", "BlobApp\BlobApp.csproj", "{89BAE292-5BD1-4A84-9261-425E9283689A}"
EndProject
Global
	GlobalSection(SolutionConfigurationPlatforms) = preSolution
		Debug|Any CPU = Debug|Any CPU
		Release|Any CPU = Release|Any CPU
	EndGlobalSection
	GlobalSection(ProjectConfigurationPlatforms) = postSolution
		{89BAE292-5BD1-4A84-9261-425E9283689A}.Debug|Any CPU.ActiveCfg = Debug|Any CPU
		{89BAE292-5BD1-4A84-9261-425E9283689A}.Debug|Any CPU.Build.0 = Debug|Any CPU
		{89BAE292-5BD1-4A84-9261-425E9283689A}.Release|Any CPU.ActiveCfg = Release|Any CPU
		{89BAE292-5BD1-4A84-9261-425E9283689A}.Release|Any CPU.Build.0 = Release|Any CPU
	EndGlobalSection
	GlobalSection(SolutionProperties) = preSolution
		HideSolutionNode = FALSE
	EndGlobalSection
	GlobalSection(ExtensibilityGlobals) = postSolution
		SolutionGuid = {C0CC34AE-0523-4807-A635-C1B3623D3F30}
	EndGlobalSection
EndGlobal
